
Microsoft Visual Studio Solution File, Format Version 12.00
# Visual Studio Version 16
VisualStudioVersion = 16.0.32802.440
MinimumVisualStudioVersion = 10.0.40219.1
Project("{FAE04EC0-301F-11D3-BF4B-00C04F79EFBC}") = "Extra Credit 3 Jake Magri", "Extra Credit 3 Jake Magri.csproj", "{DE396A7C-EA62-4E1D-B729-C4B745CB6461}"
EndProject
Global
	GlobalSection(SolutionConfigurationPlatforms) = preSolution
		Debug|Any CPU = Debug|Any CPU
		Release|Any CPU = Release|Any CPU
	EndGlobalSection
	GlobalSection(ProjectConfigurationPlatforms) = postSolution
		{DE396A7C-EA62-4E1D-B729-C4B745CB6461}.Debug|Any CPU.ActiveCfg = Debug|Any CPU
		{DE396A7C-EA62-4E1D-B729-C4B745CB6461}.Debug|Any CPU.Build.0 = Debug|Any CPU
		{DE396A7C-EA62-4E1D-B729-C4B745CB6461}.Release|Any CPU.ActiveCfg = Release|Any CPU
		{DE396A7C-EA62-4E1D-B729-C4B745CB6461}.Release|Any CPU.Build.0 = Release|Any CPU
	EndGlobalSection
	GlobalSection(SolutionProperties) = preSolution
		HideSolutionNode = FALSE
	EndGlobalSection
	GlobalSection(ExtensibilityGlobals) = postSolution
		SolutionGuid = {29447797-0495-472E-A03B-EA2B6F68488D}
	EndGlobalSection
EndGlobal
